
Microsoft Visual Studio Solution File, Format Version 12.00
# Visual Studio Version 17
VisualStudioVersion = 17.4.33213.308
MinimumVisualStudioVersion = 10.0.40219.1
Project("{FAE04EC0-301F-11D3-BF4B-00C04F79EFBC}") = "EmployeeWagePro", "EmployeeWagePro\EmployeeWagePro.csproj", "{DA52A30E-D9A2-409F-B628-52DE86010285}"
EndProject
Global
	GlobalSection(SolutionConfigurationPlatforms) = preSolution
		Debug|Any CPU = Debug|Any CPU
		Release|Any CPU = Release|Any CPU
	EndGlobalSection
	GlobalSection(ProjectConfigurationPlatforms) = postSolution
		{DA52A30E-D9A2-409F-B628-52DE86010285}.Debug|Any CPU.ActiveCfg = Debug|Any CPU
		{DA52A30E-D9A2-409F-B628-52DE86010285}.Debug|Any CPU.Build.0 = Debug|Any CPU
		{DA52A30E-D9A2-409F-B628-52DE86010285}.Release|Any CPU.ActiveCfg = Release|Any CPU
		{DA52A30E-D9A2-409F-B628-52DE86010285}.Release|Any CPU.Build.0 = Release|Any CPU
	EndGlobalSection
	GlobalSection(SolutionProperties) = preSolution
		HideSolutionNode = FALSE
	EndGlobalSection
	GlobalSection(ExtensibilityGlobals) = postSolution
		SolutionGuid = {8CFEEE66-FB23-4A37-89F3-7105ED1C1517}
	EndGlobalSection
EndGlobal
